Microsoft Visual Studio Solution File, Format Version 12.00
# Visual Studio Version 17
VisualStudioVersion = 17.5.2.0
MinimumVisualStudioVersion = 10.0.40219.1
Project("{FAE04EC0-301F-11D3-BF4B-00C04F79EFBC}") = "BikeDataApi", "backend\BikeDataApi.csproj", "{029B2DDA-0637-1003-33CA-81F8F31B1B95}"
EndProject
Global
	GlobalSection(SolutionConfigurationPlatforms) = preSolution
		Debug|Any CPU = Debug|Any CPU
		Release|Any CPU = Release|Any CPU
	EndGlobalSection
	GlobalSection(ProjectConfigurationPlatforms) = postSolution
		{029B2DDA-0637-1003-33CA-81F8F31B1B95}.Debug|Any CPU.ActiveCfg = Debug|Any CPU
		{029B2DDA-0637-1003-33CA-81F8F31B1B95}.Debug|Any CPU.Build.0 = Debug|Any CPU
		{029B2DDA-0637-1003-33CA-81F8F31B1B95}.Release|Any CPU.ActiveCfg = Release|Any CPU
		{029B2DDA-0637-1003-33CA-81F8F31B1B95}.Release|Any CPU.Build.0 = Release|Any CPU
	EndGlobalSection
	GlobalSection(SolutionProperties) = preSolution
		HideSolutionNode = FALSE
	EndGlobalSection
	GlobalSection(ExtensibilityGlobals) = postSolution
		SolutionGuid = {D2037FB6-A412-476E-8474-3266D04BFB7C}
	EndGlobalSection
EndGlobal
